// !$*UTF8*$!
{
	archiveVersion = 1;
	classes = {
	};
	objectVersion = 46;
	objects = {

/* Begin PBXBuildFile section */
		64DCB0421A97B2C30051D6F7 /* AddToDoItemViewController.m in Sources */ = {isa = PBXBuildFile; fileRef = 64DCB0411A97B2C30051D6F7 /* AddToDoItemViewController.m */; };
		64DCB0451A97B4280051D6F7 /* ToDoListTableViewController.m in Sources */ = {isa = PBXBuildFile; fileRef = 64DCB0441A97B4280051D6F7 /* ToDoListTableViewController.m */; };
		64DE8EE01A96FCE800DCA0FB /* main.m in Sources */ = {isa = PBXBuildFile; fileRef = 64DE8EDF1A96FCE800DCA0FB /* main.m */; };
		64DE8EE31A96FCE800DCA0FB /* AppDelegate.m in Sources */ = {isa = PBXBuildFile; fileRef = 64DE8EE21A96FCE800DCA0FB /* AppDelegate.m */; };
		64DE8EE91A96FCE800DCA0FB /* Main.storyboard in Resources */ = {isa = PBXBuildFile; fileRef = 64DE8EE71A96FCE800DCA0FB /* Main.storyboard */; };
		64DE8EEB1A96FCE800DCA0FB /* Images.xcassets in Resources */ = {isa = PBXBuildFile; fileRef = 64DE8EEA1A96FCE800DCA0FB /* Images.xcassets */; };
		64DE8EEE1A96FCE800DCA0FB /* LaunchScreen.xib in Resources */ = {isa = PBXBuildFile; fileRef = 64DE8EEC1A96FCE800DCA0FB /* LaunchScreen.xib */; };
		64DE8EFA1A96FCE800DCA0FB /* ToDoListTests.m in Sources */ = {isa = PBXBuildFile; fileRef = 64DE8EF91A96FCE800DCA0FB /* ToDoListTests.m */; };
/* End PBXBuildFile section */

/* Begin PBXContainerItemProxy section */
		64DE8EF41A96FCE800DCA0FB /* PBXContainerItemProxy */ = {
			isa = PBXContainerItemProxy;
			containerPortal = 64DE8ED21A96FCE800DCA0FB /* Project object */;
			proxyType = 1;
			remoteGlobalIDString = 64DE8ED91A96FCE800DCA0FB;
			remoteInfo = ToDoList;
		};
/* End PBXContainerItemProxy section */

/* Begin PBXFileReference section */
		64DCB0401A97B2C30051D6F7 /* AddToDoItemViewController.h */ = {isa = PBXFileReference; fileEncoding = 4; lastKnownFileType = sourcecode.c.h; path = AddToDoItemViewController.h; sourceTree = "<group>"; };
		64DCB0411A97B2C30051D6F7 /* AddToDoItemViewController.m */ = {isa = PBXFileReference; fileEncoding = 4; lastKnownFileType = sourcecode.c.objc; path = AddToDoItemViewController.m; sourceTree = "<group>"; };
		64DCB0431A97B4280051D6F7 /* ToDoListTableViewController.h */ = {isa = PBXFileReference; fileEncoding = 4; lastKnownFileType = sourcecode.c.h; path = ToDoListTableViewController.h; sourceTree = "<group>"; };
		64DCB0441A97B4280051D6F7 /* ToDoListTableViewController.m */ = {isa = PBXFileReference; fileEncoding = 4; lastKnownFileType = sourcecode.c.objc; path = ToDoListTableViewController.m; sourceTree = "<group>"; };
		64DE8EDA1A96FCE800DCA0FB /* ToDoList.app */ = {isa = PBXFileReference; explicitFileType = wrapper.application; includeInIndex = 0; path = ToDoList.app; sourceTree = BUILT_PRODUCTS_DIR; };
		64DE8EDE1A96FCE800DCA0FB /* Info.plist */ = {isa = PBXFileReference; lastKnownFileType = text.plist.xml; path = Info.plist; sourceTree = "<group>"; };
		64DE8EDF1A96FCE800DCA0FB /* main.m */ = {isa = PBXFileReference; lastKnownFileType = sourcecode.c.objc; path = main.m; sourceTree = "<group>"; };
		64DE8EE11A96FCE800DCA0FB /* AppDelegate.h */ = {isa = PBXFileReference; lastKnownFileType = sourcecode.c.h; path = AppDelegate.h; sourceTree = "<group>"; };
		64DE8EE21A96FCE800DCA0FB /* AppDelegate.m */ = {isa = PBXFileReference; lastKnownFileType = sourcecode.c.objc; path = AppDelegate.m; sourceTree = "<group>"; };
		64DE8EE81A96FCE800DCA0FB /* Base */ = {isa = PBXFileReference; lastKnownFileType = file.storyboard; name = Base; path = Base.lproj/Main.storyboard; sourceTree = "<group>"; };
		64DE8EEA1A96FCE800DCA0FB /* Images.xcassets */ = {isa = PBXFileReference; lastKnownFileType = folder.assetcatalog; path = Images.xcassets; sourceTree = "<group>"; };
		64DE8EED1A96FCE800DCA0FB /* Base */ = {isa = PBXFileReference; lastKnownFileType = file.xib; name = Base; path = Base.lproj/LaunchScreen.xib; sourceTree = "<group>"; };
		64DE8EF31A96FCE800DCA0FB /* ToDoListTests.xctest */ = {isa = PBXFileReference; explicitFileType = wrapper.cfbundle; includeInIndex = 0; path = ToDoListTests.xctest; sourceTree = BUILT_PRODUCTS_DIR; };
		64DE8EF81A96FCE800DCA0FB /* Info.plist */ = {isa = PBXFileReference; lastKnownFileType = text.plist.xml; path = Info.plist; sourceTree = "<group>"; };
		64DE8EF91A96FCE800DCA0FB /* ToDoListTests.m */ = {isa = PBXFileReference; lastKnownFileType = sourcecode.c.objc; path = ToDoListTests.m; sourceTree = "<group>"; };
/* End PBXFileReference section */

/* Begin PBXFrameworksBuildPhase section */
		64DE8ED71A96FCE800DCA0FB /* Frameworks */ = {
			isa = PBXFrameworksBuildPhase;
			buildActionMask = 2147483647;
			files = (
			);
			runOnlyForDeploymentPostprocessing = 0;
		};
		64DE8EF01A96FCE800DCA0FB /* Frameworks */ = {
			isa = PBXFrameworksBuildPhase;
			buildActionMask = 2147483647;
			files = (
			);
			runOnlyForDeploymentPostprocessing = 0;
		};
/* End PBXFrameworksBuildPhase section */

/* Begin PBXGroup section */
		64DE8ED11A96FCE800DCA0FB = {
			isa = PBXGroup;
			children = (
				64DE8EDC1A96FCE800DCA0FB /* ToDoList */,
				64DE8EF61A96FCE800DCA0FB /* ToDoListTests */,
				64DE8EDB1A96FCE800DCA0FB /* Products */,
			);
			sourceTree = "<group>";
		};
		64DE8EDB1A96FCE800DCA0FB /* Products */ = {
			isa = PBXGroup;
			children = (
				64DE8EDA1A96FCE800DCA0FB /* ToDoList.app */,
				64DE8EF31A96FCE800DCA0FB /* ToDoListTests.xctest */,
			);
			name = Products;
			sourceTree = "<group>";
		};
		64DE8EDC1A96FCE800DCA0FB /* ToDoList */ = {
			isa = PBXGroup;
			children = (
				64DCB0401A97B2C30051D6F7 /* AddToDoItemViewController.h */,
				64DCB0411A97B2C30051D6F7 /* AddToDoItemViewController.m */,
				64DE8EE11A96FCE800DCA0FB /* AppDelegate.h */,
				64DE8EE21A96FCE800DCA0FB /* AppDelegate.m */,
				64DE8EE71A96FCE800DCA0FB /* Main.storyboard */,
				64DCB0431A97B4280051D6F7 /* ToDoListTableViewController.h */,
				64DCB0441A97B4280051D6F7 /* ToDoListTableViewController.m */,
				64DE8EEA1A96FCE800DCA0FB /* Images.xcassets */,
				64DE8EEC1A96FCE800DCA0FB /* LaunchScreen.xib */,
				64DE8EDD1A96FCE800DCA0FB /* Supporting Files */,
			);
			path = ToDoList;
			sourceTree = "<group>";
		};
		64DE8EDD1A96FCE800DCA0FB /* Supporting Files */ = {
			isa = PBXGroup;
			children = (
				64DE8EDE1A96FCE800DCA0FB /* Info.plist */,
				64DE8EDF1A96FCE800DCA0FB /* main.m */,
			);
			name = "Supporting Files";
			sourceTree = "<group>";
		};
		64DE8EF61A96FCE800DCA0FB /* ToDoListTests */ = {
			isa = PBXGroup;
			children = (
				64DE8EF91A96FCE800DCA0FB /* ToDoListTests.m */,
				64DE8EF71A96FCE800DCA0FB /* Supporting Files */,
			);
			path = ToDoListTests;
			sourceTree = "<group>";
		};
		64DE8EF71A96FCE800DCA0FB /* Supporting Files */ = {
			isa = PBXGroup;
			children = (
				64DE8EF81A96FCE800DCA0FB /* Info.plist */,
			);
			name = "Supporting Files";
			sourceTree = "<group>";
		};
/* End PBXGroup section */

/* Begin PBXNativeTarget section */
		64DE8ED91A96FCE800DCA0FB /* ToDoList */ = {
			isa = PBXNativeTarget;
			buildConfigurationList = 64DE8EFD1A96FCE800DCA0FB /* Build configuration list for PBXNativeTarget "ToDoList" */;
			buildPhases = (
				64DE8ED61A96FCE800DCA0FB /* Sources */,
				64DE8ED71A96FCE800DCA0FB /* Frameworks */,
				64DE8ED81A96FCE800DCA0FB /* Resources */,
			);
			buildRules = (
			);
			dependencies = (
			);
			name = ToDoList;
			productName = ToDoList;
			productReference = 64DE8EDA1A96FCE800DCA0FB /* ToDoList.app */;
			productType = "com.apple.product-type.application";
		};
		64DE8EF21A96FCE800DCA0FB /* ToDoListTests */ = {
			isa = PBXNativeTarget;
			buildConfigurationList = 64DE8F001A96FCE800DCA0FB /* Build configuration list for PBXNativeTarget "ToDoListTests" */;
			buildPhases = (
				64DE8EEF1A96FCE800DCA0FB /* Sources */,
				64DE8EF01A96FCE800DCA0FB /* Frameworks */,
				64DE8EF11A96FCE800DCA0FB /* Resources */,
			);
			buildRules = (
			);
			dependencies = (
				64DE8EF51A96FCE800DCA0FB /* PBXTargetDependency */,
			);
			name = ToDoListTests;
			productName = ToDoListTests;
			productReference = 64DE8EF31A96FCE800DCA0FB /* ToDoListTests.xctest */;
			productType = "com.apple.product-type.bundle.unit-test";
		};
/* End PBXNativeTarget section */

/* Begin PBXProject section */
		64DE8ED21A96FCE800DCA0FB /* Project object */ = {
			isa = PBXProject;
			attributes = {
				LastUpgradeCheck = 0610;
				ORGANIZATIONNAME = "Derik Stenerson";
				TargetAttributes = {
					64DE8ED91A96FCE800DCA0FB = {
						CreatedOnToolsVersion = 6.1.1;
					};
					64DE8EF21A96FCE800DCA0FB = {
						CreatedOnToolsVersion = 6.1.1;
						TestTargetID = 64DE8ED91A96FCE800DCA0FB;
					};
				};
			};
			buildConfigurationList = 64DE8ED51A96FCE800DCA0FB /* Build configuration list for PBXProject "ToDoList" */;
			compatibilityVersion = "Xcode 3.2";
			developmentRegion = English;
			hasScannedForEncodings = 0;
			knownRegions = (
				en,
				Base,
			);
			mainGroup = 64DE8ED11A96FCE800DCA0FB;
			productRefGroup = 64DE8EDB1A96FCE800DCA0FB /* Products */;
			projectDirPath = "";
			projectRoot = "";
			targets = (
				64DE8ED91A96FCE800DCA0FB /* ToDoList */,
				64DE8EF21A96FCE800DCA0FB /* ToDoListTests */,
			);
		};
/* End PBXProject section */

/* Begin PBXResourcesBuildPhase section */
		64DE8ED81A96FCE800DCA0FB /* Resources */ = {
			isa = PBXResourcesBuildPhase;
			buildActionMask = 2147483647;
			files = (
				64DE8EE91A96FCE800DCA0FB /* Main.storyboard in Resources */,
				64DE8EEE1A96FCE800DCA0FB /* LaunchScreen.xib in Resources */,
				64DE8EEB1A96FCE800DCA0FB /* Images.xcassets in Resources */,
			);
			runOnlyForDeploymentPostprocessing = 0;
		};
		64DE8EF11A96FCE800DCA0FB /* Resources */ = {
			isa = PBXResourcesBuildPhase;
			buildActionMask = 2147483647;
			files = (
			);
			runOnlyForDeploymentPostprocessing = 0;
		};
/* End PBXResourcesBuildPhase section */

/* Begin PBXSourcesBuildPhase section */
		64DE8ED61A96FCE800DCA0FB /* Sources */ = {
			isa = PBXSourcesBuildPhase;
			buildActionMask = 2147483647;
			files = (
				64DE8EE31A96FCE800DCA0FB /* AppDelegate.m in Sources */,
				64DCB0451A97B4280051D6F7 /* ToDoListTableViewController.m in Sources */,
				64DE8EE01A96FCE800DCA0FB /* main.m in Sources */,
				64DCB0421A97B2C30051D6F7 /* AddToDoItemViewController.m in Sources */,
			);
			runOnlyForDeploymentPostprocessing = 0;
		};
		64DE8EEF1A96FCE800DCA0FB /* Sources */ = {
			isa = PBXSourcesBuildPhase;
			buildActionMask = 2147483647;
			files = (
				64DE8EFA1A96FCE800DCA0FB /* ToDoListTests.m in Sources */,
			);
			runOnlyForDeploymentPostprocessing = 0;
		};
/* End PBXSourcesBuildPhase section */

/* Begin PBXTargetDependency section */
		64DE8EF51A96FCE800DCA0FB /* PBXTargetDependency */ = {
			isa = PBXTargetDependency;
			target = 64DE8ED91A96FCE800DCA0FB /* ToDoList */;
			targetProxy = 64DE8EF41A96FCE800DCA0FB /* PBXContainerItemProxy */;
		};
/* End PBXTargetDependency section */

/* Begin PBXVariantGroup section */
		64DE8EE71A96FCE800DCA0FB /* Main.storyboard */ = {
			isa = PBXVariantGroup;
			children = (
				64DE8EE81A96FCE800DCA0FB /* Base */,
			);
			name = Main.storyboard;
			sourceTree = "<group>";
		};
		64DE8EEC1A96FCE800DCA0FB /* LaunchScreen.xib */ = {
			isa = PBXVariantGroup;
			children = (
				64DE8EED1A96FCE800DCA0FB /* Base */,
			);
			name = LaunchScreen.xib;
			sourceTree = "<group>";
		};
/* End PBXVariantGroup section */

/* Begin XCBuildConfiguration section */
		64DE8EFB1A96FCE800DCA0FB /* Debug */ = {
			isa = XCBuildConfiguration;
			buildSettings = {
				ALWAYS_SEARCH_USER_PATHS = NO;
				CLANG_CXX_LANGUAGE_STANDARD = "gnu++0x";
				CLANG_CXX_LIBRARY = "libc++";
				CLANG_ENABLE_MODULES = YES;
				CLANG_ENABLE_OBJC_ARC = YES;
				CLANG_WARN_BOOL_CONVERSION = YES;
				CLANG_WARN_CONSTANT_CONVERSION = YES;
				CLANG_WARN_DIRECT_OBJC_ISA_USAGE = YES_ERROR;
				CLANG_WARN_EMPTY_BODY = YES;
				CLANG_WARN_ENUM_CONVERSION = YES;
				CLANG_WARN_INT_CONVERSION = YES;
				CLANG_WARN_OBJC_ROOT_CLASS = YES_ERROR;
				CLANG_WARN_UNREACHABLE_CODE = YES;
				CLANG_WARN__DUPLICATE_METHOD_MATCH = YES;
				"CODE_SIGN_IDENTITY[sdk=iphoneos*]" = "iPhone Developer";
				COPY_PHASE_STRIP = NO;
				ENABLE_STRICT_OBJC_MSGSEND = YES;
				GCC_C_LANGUAGE_STANDARD = gnu99;
				GCC_DYNAMIC_NO_PIC = NO;
				GCC_OPTIMIZATION_LEVEL = 0;
				GCC_PREPROCESSOR_DEFINITIONS = (
					"DEBUG=1",
					"$(inherited)",
				);
				GCC_SYMBOLS_PRIVATE_EXTERN = NO;
				GCC_WARN_64_TO_32_BIT_CONVERSION = YES;
				GCC_WARN_ABOUT_RETURN_TYPE = YES_ERROR;
				GCC_WARN_UNDECLARED_SELECTOR = YES;
				GCC_WARN_UNINITIALIZED_AUTOS = YES_AGGRESSIVE;
				GCC_WARN_UNUSED_FUNCTION = YES;
				GCC_WARN_UNUSED_VARIABLE = YES;
				IPHONEOS_DEPLOYMENT_TARGET = 8.1;
				MTL_ENABLE_DEBUG_INFO = YES;
				ONLY_ACTIVE_ARCH = YES;
				SDKROOT = iphoneos;
			};
			name = Debug;
		};
		64DE8EFC1A96FCE800DCA0FB /* Release */ = {
			isa = XCBuildConfiguration;
			buildSettings = {
				ALWAYS_SEARCH_USER_PATHS = NO;
				CLANG_CXX_LANGUAGE_STANDARD = "gnu++0x";
				CLANG_CXX_LIBRARY = "libc++";
				CLANG_ENABLE_MODULES = YES;
				CLANG_ENABLE_OBJC_ARC = YES;
				CLANG_WARN_BOOL_CONVERSION = YES;
				CLANG_WARN_CONSTANT_CONVERSION = YES;
				CLANG_WARN_DIRECT_OBJC_ISA_USAGE = YES_ERROR;
				CLANG_WARN_EMPTY_BODY = YES;
				CLANG_WARN_ENUM_CONVERSION = YES;
				CLANG_WARN_INT_CONVERSION = YES;
				CLANG_WARN_OBJC_ROOT_CLASS = YES_ERROR;
				CLANG_WARN_UNREACHABLE_CODE = YES;
				CLANG_WARN__DUPLICATE_METHOD_MATCH = YES;
				"CODE_SIGN_IDENTITY[sdk=iphoneos*]" = "iPhone Developer";
				COPY_PHASE_STRIP = YES;
				ENABLE_NS_ASSERTIONS = NO;
				ENABLE_STRICT_OBJC_MSGSEND = YES;
				GCC_C_LANGUAGE_STANDARD = gnu99;
				GCC_WARN_64_TO_32_BIT_CONVERSION = YES;
				GCC_WARN_ABOUT_RETURN_TYPE = YES_ERROR;
				GCC_WARN_UNDECLARED_SELECTOR = YES;
				GCC_WARN_UNINITIALIZED_AUTOS = YES_AGGRESSIVE;
				GCC_WARN_UNUSED_FUNCTION = YES;
				GCC_WARN_UNUSED_VARIABLE = YES;
				IPHONEOS_DEPLOYMENT_TARGET = 8.1;
				MTL_ENABLE_DEBUG_INFO = NO;
				SDKROOT = iphoneos;
				VALIDATE_PRODUCT = YES;
			};
			name = Release;
		};
		64DE8EFE1A96FCE800DCA0FB /* Debug */ = {
			isa = XCBuildConfiguration;
			buildSettings = {
				ASSETCATALOG_COMPILER_APPICON_NAME = AppIcon;
				INFOPLIST_FILE = ToDoList/Info.plist;
				LD_RUNPATH_SEARCH_PATHS = "$(inherited) @executable_path/Frameworks";
				PRODUCT_NAME = "$(TARGET_NAME)";
			};
			name = Debug;
		};
		64DE8EFF1A96FCE800DCA0FB /* Release */ = {
			isa = XCBuildConfiguration;
			buildSettings = {
				ASSETCATALOG_COMPILER_APPICON_NAME = AppIcon;
				INFOPLIST_FILE = ToDoList/Info.plist;
				LD_RUNPATH_SEARCH_PATHS = "$(inherited) @executable_path/Frameworks";
				PRODUCT_NAME = "$(TARGET_NAME)";
			};
			name = Release;
		};
		64DE8F011A96FCE800DCA0FB /* Debug */ = {
			isa = XCBuildConfiguration;
			buildSettings = {
				BUNDLE_LOADER = "$(TEST_HOST)";
				FRAMEWORK_SEARCH_PATHS = (
					"$(SDKROOT)/Developer/Library/Frameworks",
					"$(inherited)",
				);
				GCC_PREPROCESSOR_DEFINITIONS = (
					"DEBUG=1",
					"$(inherited)",
				);
				INFOPLIST_FILE = ToDoListTests/Info.plist;
				LD_RUNPATH_SEARCH_PATHS = "$(inherited) @executable_path/Frameworks @loader_path/Frameworks";
				PRODUCT_NAME = "$(TARGET_NAME)";
				TEST_HOST = "$(BUILT_PRODUCTS_DIR)/ToDoList.app/ToDoList";
			};
			name = Debug;
		};
		64DE8F021A96FCE800DCA0FB /* Release */ = {
			isa = XCBuildConfiguration;
			buildSettings = {
				BUNDLE_LOADER = "$(TEST_HOST)";
				FRAMEWORK_SEARCH_PATHS = (
					"$(SDKROOT)/Developer/Library/Frameworks",
					"$(inherited)",
				);
				INFOPLIST_FILE = ToDoListTests/Info.plist;
				LD_RUNPATH_SEARCH_PATHS = "$(inherited) @executable_path/Frameworks @loader_path/Frameworks";
				PRODUCT_NAME = "$(TARGET_NAME)";
				TEST_HOST = "$(BUILT_PRODUCTS_DIR)/ToDoList.app/ToDoList";
			};
			name = Release;
		};
/* End XCBuildConfiguration section */

/* Begin XCConfigurationList section */
		64DE8ED51A96FCE800DCA0FB /* Build configuration list for PBXProject "ToDoList" */ = {
			isa = XCConfigurationList;
			buildConfigurations = (
				64DE8EFB1A96FCE800DCA0FB /* Debug */,
				64DE8EFC1A96FCE800DCA0FB /* Release */,
			);
			defaultConfigurationIsVisible = 0;
			defaultConfigurationName = Release;
		};
		64DE8EFD1A96FCE800DCA0FB /* Build configuration list for PBXNativeTarget "ToDoList" */ = {
			isa = XCConfigurationList;
			buildConfigurations = (
				64DE8EFE1A96FCE800DCA0FB /* Debug */,
				64DE8EFF1A96FCE800DCA0FB /* Release */,
			);
			defaultConfigurationIsVisible = 0;
			defaultConfigurationName = Release;
		};
		64DE8F001A96FCE800DCA0FB /* Build configuration list for PBXNativeTarget "ToDoListTests" */ = {
			isa = XCConfigurationList;
			buildConfigurations = (
				64DE8F011A96FCE800DCA0FB /* Debug */,
				64DE8F021A96FCE800DCA0FB /* Release */,
			);
			defaultConfigurationIsVisible = 0;
			defaultConfigurationName = Release;
		};
/* End XCConfigurationList section */
	};
	rootObject = 64DE8ED21A96FCE800DCA0FB /* Project object */;
}
